
Microsoft Visual Studio Solution File, Format Version 12.00
# Visual Studio Version 16
VisualStudioVersion = 16.0.31313.79
MinimumVisualStudioVersion = 10.0.40219.1
Project("{FAE04EC0-301F-11D3-BF4B-00C04F79EFBC}") = "Entitites", "Entitites\Entitites.csproj", "{539A59C5-1D59-4B6A-BC27-706FBFA2F390}"
EndProject
Project("{FAE04EC0-301F-11D3-BF4B-00C04F79EFBC}") = "DataAccess", "DataAccess\DataAccess.csproj", "{C6E6697A-6C8C-4239-9885-6B43627BF072}"
EndProject
Project("{FAE04EC0-301F-11D3-BF4B-00C04F79EFBC}") = "Business", "Business\Business.csproj", "{024C4E3E-4E13-4FF5-B878-75C3D8309F8A}"
EndProject
Project("{FAE04EC0-301F-11D3-BF4B-00C04F79EFBC}") = "Core", "Core\Core.csproj", "{5D27565E-2BF0-4081-9F05-B3FE1D83DE84}"
EndProject
Project("{FAE04EC0-301F-11D3-BF4B-00C04F79EFBC}") = "WebAPI", "WebAPI\WebAPI.csproj", "{6C57BE67-EDE3-46A2-A21D-E20191A06D5B}"
EndProject
Global
	GlobalSection(SolutionConfigurationPlatforms) = preSolution
		Debug|Any CPU = Debug|Any CPU
		Release|Any CPU = Release|Any CPU
	EndGlobalSection
	GlobalSection(ProjectConfigurationPlatforms) = postSolution
		{539A59C5-1D59-4B6A-BC27-706FBFA2F390}.Debug|Any CPU.ActiveCfg = Debug|Any CPU
		{539A59C5-1D59-4B6A-BC27-706FBFA2F390}.Debug|Any CPU.Build.0 = Debug|Any CPU
		{539A59C5-1D59-4B6A-BC27-706FBFA2F390}.Release|Any CPU.ActiveCfg = Release|Any CPU
		{539A59C5-1D59-4B6A-BC27-706FBFA2F390}.Release|Any CPU.Build.0 = Release|Any CPU
		{C6E6697A-6C8C-4239-9885-6B43627BF072}.Debug|Any CPU.ActiveCfg = Debug|Any CPU
		{C6E6697A-6C8C-4239-9885-6B43627BF072}.Debug|Any CPU.Build.0 = Debug|Any CPU
		{C6E6697A-6C8C-4239-9885-6B43627BF072}.Release|Any CPU.ActiveCfg = Release|Any CPU
		{C6E6697A-6C8C-4239-9885-6B43627BF072}.Release|Any CPU.Build.0 = Release|Any CPU
		{024C4E3E-4E13-4FF5-B878-75C3D8309F8A}.Debug|Any CPU.ActiveCfg = Debug|Any CPU
		{024C4E3E-4E13-4FF5-B878-75C3D8309F8A}.Debug|Any CPU.Build.0 = Debug|Any CPU
		{024C4E3E-4E13-4FF5-B878-75C3D8309F8A}.Release|Any CPU.ActiveCfg = Release|Any CPU
		{024C4E3E-4E13-4FF5-B878-75C3D8309F8A}.Release|Any CPU.Build.0 = Release|Any CPU
		{5D27565E-2BF0-4081-9F05-B3FE1D83DE84}.Debug|Any CPU.ActiveCfg = Debug|Any CPU
		{5D27565E-2BF0-4081-9F05-B3FE1D83DE84}.Debug|Any CPU.Build.0 = Debug|Any CPU
		{5D27565E-2BF0-4081-9F05-B3FE1D83DE84}.Release|Any CPU.ActiveCfg = Release|Any CPU
		{5D27565E-2BF0-4081-9F05-B3FE1D83DE84}.Release|Any CPU.Build.0 = Release|Any CPU
		{6C57BE67-EDE3-46A2-A21D-E20191A06D5B}.Debug|Any CPU.ActiveCfg = Debug|Any CPU
		{6C57BE67-EDE3-46A2-A21D-E20191A06D5B}.Debug|Any CPU.Build.0 = Debug|Any CPU
		{6C57BE67-EDE3-46A2-A21D-E20191A06D5B}.Release|Any CPU.ActiveCfg = Release|Any CPU
		{6C57BE67-EDE3-46A2-A21D-E20191A06D5B}.Release|Any CPU.Build.0 = Release|Any CPU
	EndGlobalSection
	GlobalSection(SolutionProperties) = preSolution
		HideSolutionNode = FALSE
	EndGlobalSection
	GlobalSection(ExtensibilityGlobals) = postSolution
		SolutionGuid = {8EF598D4-FB79-4AEA-99C0-593A2784C559}
	EndGlobalSection
EndGlobal
